
Microsoft Visual Studio Solution File, Format Version 12.00
# Visual Studio Version 16
VisualStudioVersion = 16.0.30114.105
MinimumVisualStudioVersion = 10.0.40219.1
Project("{FAE04EC0-301F-11D3-BF4B-00C04F79EFBC}") = "EngineSimulation", "EngineSimulation\EngineSimulation.csproj", "{080A4368-19EC-4166-9924-561BBA767FAF}"
EndProject
Global
	GlobalSection(SolutionConfigurationPlatforms) = preSolution
		Debug|Any CPU = Debug|Any CPU
		Release|Any CPU = Release|Any CPU
	EndGlobalSection
	GlobalSection(ProjectConfigurationPlatforms) = postSolution
		{080A4368-19EC-4166-9924-561BBA767FAF}.Debug|Any CPU.ActiveCfg = Debug|Any CPU
		{080A4368-19EC-4166-9924-561BBA767FAF}.Debug|Any CPU.Build.0 = Debug|Any CPU
		{080A4368-19EC-4166-9924-561BBA767FAF}.Release|Any CPU.ActiveCfg = Release|Any CPU
		{080A4368-19EC-4166-9924-561BBA767FAF}.Release|Any CPU.Build.0 = Release|Any CPU
	EndGlobalSection
	GlobalSection(SolutionProperties) = preSolution
		HideSolutionNode = FALSE
	EndGlobalSection
	GlobalSection(ExtensibilityGlobals) = postSolution
		SolutionGuid = {0CD27C91-EBFF-422D-8B6D-7FFCF4A73338}
	EndGlobalSection
EndGlobal
